// !$*UTF8*$!
{
	archiveVersion = 1;
	classes = {
	};
	objectVersion = 50;
	objects = {

/* Begin PBXBuildFile section */
		C232EC0625A1E3DC009DA647 /* AppDelegate.swift in Sources */ = {isa = PBXBuildFile; fileRef = C232EC0525A1E3DC009DA647 /* AppDelegate.swift */; };
		C232EC0825A1E3DC009DA647 /* SceneDelegate.swift in Sources */ = {isa = PBXBuildFile; fileRef = C232EC0725A1E3DC009DA647 /* SceneDelegate.swift */; };
		C232EC0A25A1E3DC009DA647 /* ViewController.swift in Sources */ = {isa = PBXBuildFile; fileRef = C232EC0925A1E3DC009DA647 /* ViewController.swift */; };
		C232EC0D25A1E3DC009DA647 /* Main.storyboard in Resources */ = {isa = PBXBuildFile; fileRef = C232EC0B25A1E3DC009DA647 /* Main.storyboard */; };
		C232EC0F25A1E3DD009DA647 /* Assets.xcassets in Resources */ = {isa = PBXBuildFile; fileRef = C232EC0E25A1E3DD009DA647 /* Assets.xcassets */; };
		C232EC1225A1E3DD009DA647 /* LaunchScreen.storyboard in Resources */ = {isa = PBXBuildFile; fileRef = C232EC1025A1E3DD009DA647 /* LaunchScreen.storyboard */; };
		C2339F5925A1E538008127B8 /* StringExt.swift in Sources */ = {isa = PBXBuildFile; fileRef = C2339F5825A1E538008127B8 /* StringExt.swift */; };
/* End PBXBuildFile section */

/* Begin PBXFileReference section */
		C232EC0225A1E3DC009DA647 /* ChiaExtDemo.app */ = {isa = PBXFileReference; explicitFileType = wrapper.application; includeInIndex = 0; path = ChiaExtDemo.app; sourceTree = BUILT_PRODUCTS_DIR; };
		C232EC0525A1E3DC009DA647 /* AppDelegate.swift */ = {isa = PBXFileReference; lastKnownFileType = sourcecode.swift; path = AppDelegate.swift; sourceTree = "<group>"; };
		C232EC0725A1E3DC009DA647 /* SceneDelegate.swift */ = {isa = PBXFileReference; lastKnownFileType = sourcecode.swift; path = SceneDelegate.swift; sourceTree = "<group>"; };
		C232EC0925A1E3DC009DA647 /* ViewController.swift */ = {isa = PBXFileReference; lastKnownFileType = sourcecode.swift; path = ViewController.swift; sourceTree = "<group>"; };
		C232EC0C25A1E3DC009DA647 /* Base */ = {isa = PBXFileReference; lastKnownFileType = file.storyboard; name = Base; path = Base.lproj/Main.storyboard; sourceTree = "<group>"; };
		C232EC0E25A1E3DD009DA647 /* Assets.xcassets */ = {isa = PBXFileReference; lastKnownFileType = folder.assetcatalog; path = Assets.xcassets; sourceTree = "<group>"; };
		C232EC1125A1E3DD009DA647 /* Base */ = {isa = PBXFileReference; lastKnownFileType = file.storyboard; name = Base; path = Base.lproj/LaunchScreen.storyboard; sourceTree = "<group>"; };
		C232EC1325A1E3DD009DA647 /* Info.plist */ = {isa = PBXFileReference; lastKnownFileType = text.plist.xml; path = Info.plist; sourceTree = "<group>"; };
		C2339F5825A1E538008127B8 /* StringExt.swift */ = {isa = PBXFileReference; lastKnownFileType = sourcecode.swift; path = StringExt.swift; sourceTree = "<group>"; };
/* End PBXFileReference section */

/* Begin PBXFrameworksBuildPhase section */
		C232EBFF25A1E3DC009DA647 /* Frameworks */ = {
			isa = PBXFrameworksBuildPhase;
			buildActionMask = 2147483647;
			files = (
			);
			runOnlyForDeploymentPostprocessing = 0;
		};
/* End PBXFrameworksBuildPhase section */

/* Begin PBXGroup section */
		C232EBF925A1E3DC009DA647 = {
			isa = PBXGroup;
			children = (
				C2339F5625A1E51B008127B8 /* ChiaExt */,
				C232EC0425A1E3DC009DA647 /* ChiaExtDemo */,
				C232EC0325A1E3DC009DA647 /* Products */,
			);
			sourceTree = "<group>";
		};
		C232EC0325A1E3DC009DA647 /* Products */ = {
			isa = PBXGroup;
			children = (
				C232EC0225A1E3DC009DA647 /* ChiaExtDemo.app */,
			);
			name = Products;
			sourceTree = "<group>";
		};
		C232EC0425A1E3DC009DA647 /* ChiaExtDemo */ = {
			isa = PBXGroup;
			children = (
				C232EC0525A1E3DC009DA647 /* AppDelegate.swift */,
				C232EC0725A1E3DC009DA647 /* SceneDelegate.swift */,
				C232EC0925A1E3DC009DA647 /* ViewController.swift */,
				C232EC0B25A1E3DC009DA647 /* Main.storyboard */,
				C232EC0E25A1E3DD009DA647 /* Assets.xcassets */,
				C232EC1025A1E3DD009DA647 /* LaunchScreen.storyboard */,
				C232EC1325A1E3DD009DA647 /* Info.plist */,
			);
			path = ChiaExtDemo;
			sourceTree = "<group>";
		};
		C2339F5625A1E51B008127B8 /* ChiaExt */ = {
			isa = PBXGroup;
			children = (
				C2339F5825A1E538008127B8 /* StringExt.swift */,
			);
			path = ChiaExt;
			sourceTree = "<group>";
		};
/* End PBXGroup section */

/* Begin PBXNativeTarget section */
		C232EC0125A1E3DC009DA647 /* ChiaExtDemo */ = {
			isa = PBXNativeTarget;
			buildConfigurationList = C232EC1625A1E3DD009DA647 /* Build configuration list for PBXNativeTarget "ChiaExtDemo" */;
			buildPhases = (
				C232EBFE25A1E3DC009DA647 /* Sources */,
				C232EBFF25A1E3DC009DA647 /* Frameworks */,
				C232EC0025A1E3DC009DA647 /* Resources */,
			);
			buildRules = (
			);
			dependencies = (
			);
			name = ChiaExtDemo;
			productName = ChiaExtDemo;
			productReference = C232EC0225A1E3DC009DA647 /* ChiaExtDemo.app */;
			productType = "com.apple.product-type.application";
		};
/* End PBXNativeTarget section */

/* Begin PBXProject section */
		C232EBFA25A1E3DC009DA647 /* Project object */ = {
			isa = PBXProject;
			attributes = {
				LastSwiftUpdateCheck = 1230;
				LastUpgradeCheck = 1230;
				TargetAttributes = {
					C232EC0125A1E3DC009DA647 = {
						CreatedOnToolsVersion = 12.3;
					};
				};
			};
			buildConfigurationList = C232EBFD25A1E3DC009DA647 /* Build configuration list for PBXProject "ChiaExtDemo" */;
			compatibilityVersion = "Xcode 9.3";
			developmentRegion = en;
			hasScannedForEncodings = 0;
			knownRegions = (
				en,
				Base,
			);
			mainGroup = C232EBF925A1E3DC009DA647;
			productRefGroup = C232EC0325A1E3DC009DA647 /* Products */;
			projectDirPath = "";
			projectRoot = "";
			targets = (
				C232EC0125A1E3DC009DA647 /* ChiaExtDemo */,
			);
		};
/* End PBXProject section */

/* Begin PBXResourcesBuildPhase section */
		C232EC0025A1E3DC009DA647 /* Resources */ = {
			isa = PBXResourcesBuildPhase;
			buildActionMask = 2147483647;
			files = (
				C232EC1225A1E3DD009DA647 /* LaunchScreen.storyboard in Resources */,
				C232EC0F25A1E3DD009DA647 /* Assets.xcassets in Resources */,
				C232EC0D25A1E3DC009DA647 /* Main.storyboard in Resources */,
			);
			runOnlyForDeploymentPostprocessing = 0;
		};
/* End PBXResourcesBuildPhase section */

/* Begin PBXSourcesBuildPhase section */
		C232EBFE25A1E3DC009DA647 /* Sources */ = {
			isa = PBXSourcesBuildPhase;
			buildActionMask = 2147483647;
			files = (
				C232EC0A25A1E3DC009DA647 /* ViewController.swift in Sources */,
				C232EC0625A1E3DC009DA647 /* AppDelegate.swift in Sources */,
				C2339F5925A1E538008127B8 /* StringExt.swift in Sources */,
				C232EC0825A1E3DC009DA647 /* SceneDelegate.swift in Sources */,
			);
			runOnlyForDeploymentPostprocessing = 0;
		};
/* End PBXSourcesBuildPhase section */

/* Begin PBXVariantGroup section */
		C232EC0B25A1E3DC009DA647 /* Main.storyboard */ = {
			isa = PBXVariantGroup;
			children = (
				C232EC0C25A1E3DC009DA647 /* Base */,
			);
			name = Main.storyboard;
			sourceTree = "<group>";
		};
		C232EC1025A1E3DD009DA647 /* LaunchScreen.storyboard */ = {
			isa = PBXVariantGroup;
			children = (
				C232EC1125A1E3DD009DA647 /* Base */,
			);
			name = LaunchScreen.storyboard;
			sourceTree = "<group>";
		};
/* End PBXVariantGroup section */

/* Begin XCBuildConfiguration section */
		C232EC1425A1E3DD009DA647 /* Debug */ = {
			isa = XCBuildConfiguration;
			buildSettings = {
				ALWAYS_SEARCH_USER_PATHS = NO;
				CLANG_ANALYZER_NONNULL = YES;
				CLANG_ANALYZER_NUMBER_OBJECT_CONVERSION = YES_AGGRESSIVE;
				CLANG_CXX_LANGUAGE_STANDARD = "gnu++14";
				CLANG_CXX_LIBRARY = "libc++";
				CLANG_ENABLE_MODULES = YES;
				CLANG_ENABLE_OBJC_ARC = YES;
				CLANG_ENABLE_OBJC_WEAK = YES;
				CLANG_WARN_BLOCK_CAPTURE_AUTORELEASING = YES;
				CLANG_WARN_BOOL_CONVERSION = YES;
				CLANG_WARN_COMMA = YES;
				CLANG_WARN_CONSTANT_CONVERSION = YES;
				CLANG_WARN_DEPRECATED_OBJC_IMPLEMENTATIONS = YES;
				CLANG_WARN_DIRECT_OBJC_ISA_USAGE = YES_ERROR;
				CLANG_WARN_DOCUMENTATION_COMMENTS = YES;
				CLANG_WARN_EMPTY_BODY = YES;
				CLANG_WARN_ENUM_CONVERSION = YES;
				CLANG_WARN_INFINITE_RECURSION = YES;
				CLANG_WARN_INT_CONVERSION = YES;
				CLANG_WARN_NON_LITERAL_NULL_CONVERSION = YES;
				CLANG_WARN_OBJC_IMPLICIT_RETAIN_SELF = YES;
				CLANG_WARN_OBJC_LITERAL_CONVERSION = YES;
				CLANG_WARN_OBJC_ROOT_CLASS = YES_ERROR;
				CLANG_WARN_QUOTED_INCLUDE_IN_FRAMEWORK_HEADER = YES;
				CLANG_WARN_RANGE_LOOP_ANALYSIS = YES;
				CLANG_WARN_STRICT_PROTOTYPES = YES;
				CLANG_WARN_SUSPICIOUS_MOVE = YES;
				CLANG_WARN_UNGUARDED_AVAILABILITY = YES_AGGRESSIVE;
				CLANG_WARN_UNREACHABLE_CODE = YES;
				CLANG_WARN__DUPLICATE_METHOD_MATCH = YES;
				COPY_PHASE_STRIP = NO;
				DEBUG_INFORMATION_FORMAT = dwarf;
				ENABLE_STRICT_OBJC_MSGSEND = YES;
				ENABLE_TESTABILITY = YES;
				GCC_C_LANGUAGE_STANDARD = gnu11;
				GCC_DYNAMIC_NO_PIC = NO;
				GCC_NO_COMMON_BLOCKS = YES;
				GCC_OPTIMIZATION_LEVEL = 0;
				GCC_PREPROCESSOR_DEFINITIONS = (
					"DEBUG=1",
					"$(inherited)",
				);
				GCC_WARN_64_TO_32_BIT_CONVERSION = YES;
				GCC_WARN_ABOUT_RETURN_TYPE = YES_ERROR;
				GCC_WARN_UNDECLARED_SELECTOR = YES;
				GCC_WARN_UNINITIALIZED_AUTOS = YES_AGGRESSIVE;
				GCC_WARN_UNUSED_FUNCTION = YES;
				GCC_WARN_UNUSED_VARIABLE = YES;
				IPHONEOS_DEPLOYMENT_TARGET = 14.3;
				MTL_ENABLE_DEBUG_INFO = INCLUDE_SOURCE;
				MTL_FAST_MATH = YES;
				ONLY_ACTIVE_ARCH = YES;
				SDKROOT = iphoneos;
				SWIFT_ACTIVE_COMPILATION_CONDITIONS = DEBUG;
				SWIFT_OPTIMIZATION_LEVEL = "-Onone";
			};
			name = Debug;
		};
		C232EC1525A1E3DD009DA647 /* Release */ = {
			isa = XCBuildConfiguration;
			buildSettings = {
				ALWAYS_SEARCH_USER_PATHS = NO;
				CLANG_ANALYZER_NONNULL = YES;
				CLANG_ANALYZER_NUMBER_OBJECT_CONVERSION = YES_AGGRESSIVE;
				CLANG_CXX_LANGUAGE_STANDARD = "gnu++14";
				CLANG_CXX_LIBRARY = "libc++";
				CLANG_ENABLE_MODULES = YES;
				CLANG_ENABLE_OBJC_ARC = YES;
				CLANG_ENABLE_OBJC_WEAK = YES;
				CLANG_WARN_BLOCK_CAPTURE_AUTORELEASING = YES;
				CLANG_WARN_BOOL_CONVERSION = YES;
				CLANG_WARN_COMMA = YES;
				CLANG_WARN_CONSTANT_CONVERSION = YES;
				CLANG_WARN_DEPRECATED_OBJC_IMPLEMENTATIONS = YES;
				CLANG_WARN_DIRECT_OBJC_ISA_USAGE = YES_ERROR;
				CLANG_WARN_DOCUMENTATION_COMMENTS = YES;
				CLANG_WARN_EMPTY_BODY = YES;
				CLANG_WARN_ENUM_CONVERSION = YES;
				CLANG_WARN_INFINITE_RECURSION = YES;
				CLANG_WARN_INT_CONVERSION = YES;
				CLANG_WARN_NON_LITERAL_NULL_CONVERSION = YES;
				CLANG_WARN_OBJC_IMPLICIT_RETAIN_SELF = YES;
				CLANG_WARN_OBJC_LITERAL_CONVERSION = YES;
				CLANG_WARN_OBJC_ROOT_CLASS = YES_ERROR;
				CLANG_WARN_QUOTED_INCLUDE_IN_FRAMEWORK_HEADER = YES;
				CLANG_WARN_RANGE_LOOP_ANALYSIS = YES;
				CLANG_WARN_STRICT_PROTOTYPES = YES;
				CLANG_WARN_SUSPICIOUS_MOVE = YES;
				CLANG_WARN_UNGUARDED_AVAILABILITY = YES_AGGRESSIVE;
				CLANG_WARN_UNREACHABLE_CODE = YES;
				CLANG_WARN__DUPLICATE_METHOD_MATCH = YES;
				COPY_PHASE_STRIP = NO;
				DEBUG_INFORMATION_FORMAT = "dwarf-with-dsym";
				ENABLE_NS_ASSERTIONS = NO;
				ENABLE_STRICT_OBJC_MSGSEND = YES;
				GCC_C_LANGUAGE_STANDARD = gnu11;
				GCC_NO_COMMON_BLOCKS = YES;
				GCC_WARN_64_TO_32_BIT_CONVERSION = YES;
				GCC_WARN_ABOUT_RETURN_TYPE = YES_ERROR;
				GCC_WARN_UNDECLARED_SELECTOR = YES;
				GCC_WARN_UNINITIALIZED_AUTOS = YES_AGGRESSIVE;
				GCC_WARN_UNUSED_FUNCTION = YES;
				GCC_WARN_UNUSED_VARIABLE = YES;
				IPHONEOS_DEPLOYMENT_TARGET = 14.3;
				MTL_ENABLE_DEBUG_INFO = NO;
				MTL_FAST_MATH = YES;
				SDKROOT = iphoneos;
				SWIFT_COMPILATION_MODE = wholemodule;
				SWIFT_OPTIMIZATION_LEVEL = "-O";
				VALIDATE_PRODUCT = YES;
			};
			name = Release;
		};
		C232EC1725A1E3DD009DA647 /* Debug */ = {
			isa = XCBuildConfiguration;
			buildSettings = {
				ASSETCATALOG_COMPILER_APPICON_NAME = AppIcon;
				ASSETCATALOG_COMPILER_GLOBAL_ACCENT_COLOR_NAME = AccentColor;
				CODE_SIGN_STYLE = Automatic;
				DEVELOPMENT_TEAM = 9SM9DH3BE7;
				INFOPLIST_FILE = ChiaExtDemo/Info.plist;
				LD_RUNPATH_SEARCH_PATHS = (
					"$(inherited)",
					"@executable_path/Frameworks",
				);
				PRODUCT_BUNDLE_IDENTIFIER = com.chia.ChiaExtDemo;
				PRODUCT_NAME = "$(TARGET_NAME)";
				SWIFT_VERSION = 5.0;
				TARGETED_DEVICE_FAMILY = "1,2";
			};
			name = Debug;
		};
		C232EC1825A1E3DD009DA647 /* Release */ = {
			isa = XCBuildConfiguration;
			buildSettings = {
				ASSETCATALOG_COMPILER_APPICON_NAME = AppIcon;
				ASSETCATALOG_COMPILER_GLOBAL_ACCENT_COLOR_NAME = AccentColor;
				CODE_SIGN_STYLE = Automatic;
				DEVELOPMENT_TEAM = 9SM9DH3BE7;
				INFOPLIST_FILE = ChiaExtDemo/Info.plist;
				LD_RUNPATH_SEARCH_PATHS = (
					"$(inherited)",
					"@executable_path/Frameworks",
				);
				PRODUCT_BUNDLE_IDENTIFIER = com.chia.ChiaExtDemo;
				PRODUCT_NAME = "$(TARGET_NAME)";
				SWIFT_VERSION = 5.0;
				TARGETED_DEVICE_FAMILY = "1,2";
			};
			name = Release;
		};
/* End XCBuildConfiguration section */

/* Begin XCConfigurationList section */
		C232EBFD25A1E3DC009DA647 /* Build configuration list for PBXProject "ChiaExtDemo" */ = {
			isa = XCConfigurationList;
			buildConfigurations = (
				C232EC1425A1E3DD009DA647 /* Debug */,
				C232EC1525A1E3DD009DA647 /* Release */,
			);
			defaultConfigurationIsVisible = 0;
			defaultConfigurationName = Release;
		};
		C232EC1625A1E3DD009DA647 /* Build configuration list for PBXNativeTarget "ChiaExtDemo" */ = {
			isa = XCConfigurationList;
			buildConfigurations = (
				C232EC1725A1E3DD009DA647 /* Debug */,
				C232EC1825A1E3DD009DA647 /* Release */,
			);
			defaultConfigurationIsVisible = 0;
			defaultConfigurationName = Release;
		};
/* End XCConfigurationList section */
	};
	rootObject = C232EBFA25A1E3DC009DA647 /* Project object */;
}
